{
  "lockfileVersion": 1,
  "workspaces": {
    "": {
      "name": "ngspark",
      "devDependencies": {
        "@types/bun": "latest",
        "@types/prompts": "^2.4.9",
        "prompts": "^2.4.2",
      },
      "peerDependencies": {
        "typescript": "^5",
      },
    },
  },
  "packages": {
    "@types/bun": ["@types/bun@1.2.12", "", { "dependencies": { "bun-types": "1.2.12" } }, "sha512-lY/GQTXDGsolT/TiH72p1tuyUORuRrdV7VwOTOjDOt8uTBJQOJc5zz3ufwwDl0VBaoxotSk4LdP0hhjLJ6ypIQ=="],

    "@types/node": ["@types/node@22.15.16", "", { "dependencies": { "undici-types": "~6.21.0" } }, "sha512-3pr+KjwpVujqWqOKT8mNR+rd09FqhBLwg+5L/4t0cNYBzm/yEiYGCxWttjaPBsLtAo+WFNoXzGJfolM1JuRXoA=="],

    "@types/prompts": ["@types/prompts@2.4.9", "", { "dependencies": { "@types/node": "*", "kleur": "^3.0.3" } }, "sha512-qTxFi6Buiu8+50/+3DGIWLHM6QuWsEKugJnnP6iv2Mc4ncxE4A/OJkjuVOA+5X0X1S/nq5VJRa8Lu+nwcvbrKA=="],

    "bun-types": ["bun-types@1.2.12", "", { "dependencies": { "@types/node": "*" } }, "sha512-tvWMx5vPqbRXgE8WUZI94iS1xAYs8bkqESR9cxBB1Wi+urvfTrF1uzuDgBHFAdO0+d2lmsbG3HmeKMvUyj6pWA=="],

    "kleur": ["kleur@3.0.3", "", {}, "sha512-eTIzlVOSUR+JxdDFepEYcBMtZ9Qqdef+rnzWdRZuMbOywu5tO2w2N7rqjoANZ5k9vywhL6Br1VRjUIgTQx4E8w=="],

    "prompts": ["prompts@2.4.2", "", { "dependencies": { "kleur": "^3.0.3", "sisteransi": "^1.0.5" } }, "sha512-NxNv/kLguCA7p3jE8oL2aEBsrJWgAakBpgmgK6lpPWV+WuOmY6r2/zbAVnP+T8bQlA0nzHXSJSJW0Hq7ylaD2Q=="],

    "sisteransi": ["sisteransi@1.0.5", "", {}, "sha512-bLGGlR1QxBcynn2d5YmDX4MGjlZvy2MRBDRNHLJ8VI6l6+9FUiyTFNJ0IveOSP0bcXgVDPRcfGqA0pjaqUpfVg=="],

    "typescript": ["typescript@5.8.3", "", { "bin": { "tsc": "bin/tsc", "tsserver": "bin/tsserver" } }, "sha512-p1diW6TqL9L07nNxvRMM7hMMw4c5XOo/1ibL4aAIGmSAt9slTE1Xgw5KWuof2uTOvCg9BY7ZRi+GaF+7sfgPeQ=="],

    "undici-types": ["undici-types@6.21.0", "", {}, "sha512-iwDZqg0QAGrg9Rav5H4n0M64c3mkR59cJ6wQp+7C4nI0gsmExaedaYLNO44eT4AtBBwjbTiGPMlt2Md0T9H9JQ=="],
  }
}
